
Microsoft Visual Studio Solution File, Format Version 12.00
# Visual Studio Version 17
VisualStudioVersion = 17.5.2.0
MinimumVisualStudioVersion = 10.0.40219.1
Project("{FAE04EC0-301F-11D3-BF4B-00C04F79EFBC}") = "MVC_MobileStockManagementApplication", "MVC_MobileStockManagementApplication.csproj", "{BC65BC01-F8D5-DF75-CEBC-5CF506F09040}"
EndProject
Global
	GlobalSection(SolutionConfigurationPlatforms) = preSolution
		Debug|Any CPU = Debug|Any CPU
		Release|Any CPU = Release|Any CPU
	EndGlobalSection
	GlobalSection(ProjectConfigurationPlatforms) = postSolution
		{BC65BC01-F8D5-DF75-CEBC-5CF506F09040}.Debug|Any CPU.ActiveCfg = Debug|Any CPU
		{BC65BC01-F8D5-DF75-CEBC-5CF506F09040}.Debug|Any CPU.Build.0 = Debug|Any CPU
		{BC65BC01-F8D5-DF75-CEBC-5CF506F09040}.Release|Any CPU.ActiveCfg = Release|Any CPU
		{BC65BC01-F8D5-DF75-CEBC-5CF506F09040}.Release|Any CPU.Build.0 = Release|Any CPU
	EndGlobalSection
	GlobalSection(SolutionProperties) = preSolution
		HideSolutionNode = FALSE
	EndGlobalSection
	GlobalSection(ExtensibilityGlobals) = postSolution
		SolutionGuid = {41B93ADF-F923-4232-B2D3-16ADDFFE5C88}
	EndGlobalSection
EndGlobal
